// !$*UTF8*$!
{
	archiveVersion = 1;
	classes = {
	};
	objectVersion = 46;
	objects = {

/* Begin PBXBuildFile section */
		F81902F01EA5E85E00371545 /* HighScoreScene.sks in Resources */ = {isa = PBXBuildFile; fileRef = F81902EF1EA5E85E00371545 /* HighScoreScene.sks */; };
		F81902F21EA5EA6800371545 /* HighScoreScene.swift in Sources */ = {isa = PBXBuildFile; fileRef = F81902F11EA5EA6800371545 /* HighScoreScene.swift */; };
		F822B6561E9E7ADF00A040E1 /* StartScreenScene.sks in Resources */ = {isa = PBXBuildFile; fileRef = F822B6551E9E7ADF00A040E1 /* StartScreenScene.sks */; };
		F822B65A1E9E7CA400A040E1 /* StartScreenScene.swift in Sources */ = {isa = PBXBuildFile; fileRef = F822B6591E9E7CA400A040E1 /* StartScreenScene.swift */; };
		F822B65E1E9EBE8D00A040E1 /* bgEffect.sks in Resources */ = {isa = PBXBuildFile; fileRef = F822B65D1E9EBE8D00A040E1 /* bgEffect.sks */; };
		F822B6691EA0B6A900A040E1 /* bgMusic.mp3 in Resources */ = {isa = PBXBuildFile; fileRef = F822B6681EA0B6A900A040E1 /* bgMusic.mp3 */; };
		F822B66D1EA0C0B500A040E1 /* GameOverScene.sks in Resources */ = {isa = PBXBuildFile; fileRef = F822B66C1EA0C0B500A040E1 /* GameOverScene.sks */; };
		F822B66F1EA0C13400A040E1 /* GameOverScene.swift in Sources */ = {isa = PBXBuildFile; fileRef = F822B66E1EA0C13400A040E1 /* GameOverScene.swift */; };
		F84517601E9969E10047CF16 /* AppDelegate.swift in Sources */ = {isa = PBXBuildFile; fileRef = F845175F1E9969E10047CF16 /* AppDelegate.swift */; };
		F84517621E9969E10047CF16 /* GameScene.sks in Resources */ = {isa = PBXBuildFile; fileRef = F84517611E9969E10047CF16 /* GameScene.sks */; };
		F84517641E9969E10047CF16 /* Actions.sks in Resources */ = {isa = PBXBuildFile; fileRef = F84517631E9969E10047CF16 /* Actions.sks */; };
		F84517661E9969E10047CF16 /* GameScene.swift in Sources */ = {isa = PBXBuildFile; fileRef = F84517651E9969E10047CF16 /* GameScene.swift */; };
		F84517681E9969E10047CF16 /* GameViewController.swift in Sources */ = {isa = PBXBuildFile; fileRef = F84517671E9969E10047CF16 /* GameViewController.swift */; };
		F845176B1E9969E10047CF16 /* Main.storyboard in Resources */ = {isa = PBXBuildFile; fileRef = F84517691E9969E10047CF16 /* Main.storyboard */; };
		F845176D1E9969E10047CF16 /* Assets.xcassets in Resources */ = {isa = PBXBuildFile; fileRef = F845176C1E9969E10047CF16 /* Assets.xcassets */; };
		F84517701E9969E10047CF16 /* LaunchScreen.storyboard in Resources */ = {isa = PBXBuildFile; fileRef = F845176E1E9969E10047CF16 /* LaunchScreen.storyboard */; };
		F86145B51EA15CED0025BFAC /* tailEffect.sks in Resources */ = {isa = PBXBuildFile; fileRef = F86145B41EA15CED0025BFAC /* tailEffect.sks */; };
		F86145B61EA1631A0025BFAC /* GameElements.swift in Sources */ = {isa = PBXBuildFile; fileRef = F84517771E996C430047CF16 /* GameElements.swift */; };
		F86145B91EA169BA0025BFAC /* scored.wav in Resources */ = {isa = PBXBuildFile; fileRef = F86145B71EA169BA0025BFAC /* scored.wav */; };
		F86145BA1EA169BA0025BFAC /* gameOver.wav in Resources */ = {isa = PBXBuildFile; fileRef = F86145B81EA169BA0025BFAC /* gameOver.wav */; };
/* End PBXBuildFile section */

/* Begin PBXFileReference section */
		F81902EF1EA5E85E00371545 /* HighScoreScene.sks */ = {isa = PBXFileReference; lastKnownFileType = file.sks; path = HighScoreScene.sks; sourceTree = "<group>"; };
		F81902F11EA5EA6800371545 /* HighScoreScene.swift */ = {isa = PBXFileReference; fileEncoding = 4; lastKnownFileType = sourcecode.swift; path = HighScoreScene.swift; sourceTree = "<group>"; };
		F822B6551E9E7ADF00A040E1 /* StartScreenScene.sks */ = {isa = PBXFileReference; lastKnownFileType = file.sks; path = StartScreenScene.sks; sourceTree = "<group>"; };
		F822B6591E9E7CA400A040E1 /* StartScreenScene.swift */ = {isa = PBXFileReference; fileEncoding = 4; lastKnownFileType = sourcecode.swift; path = StartScreenScene.swift; sourceTree = "<group>"; };
		F822B65D1E9EBE8D00A040E1 /* bgEffect.sks */ = {isa = PBXFileReference; lastKnownFileType = file.sks; path = bgEffect.sks; sourceTree = "<group>"; };
		F822B6681EA0B6A900A040E1 /* bgMusic.mp3 */ = {isa = PBXFileReference; lastKnownFileType = audio.mp3; path = bgMusic.mp3; sourceTree = "<group>"; };
		F822B66C1EA0C0B500A040E1 /* GameOverScene.sks */ = {isa = PBXFileReference; lastKnownFileType = file.sks; path = GameOverScene.sks; sourceTree = "<group>"; };
		F822B66E1EA0C13400A040E1 /* GameOverScene.swift */ = {isa = PBXFileReference; fileEncoding = 4; lastKnownFileType = sourcecode.swift; path = GameOverScene.swift; sourceTree = "<group>"; };
		F845175C1E9969E10047CF16 /* Dividr.app */ = {isa = PBXFileReference; explicitFileType = wrapper.application; includeInIndex = 0; path = Dividr.app; sourceTree = BUILT_PRODUCTS_DIR; };
		F845175F1E9969E10047CF16 /* AppDelegate.swift */ = {isa = PBXFileReference; lastKnownFileType = sourcecode.swift; path = AppDelegate.swift; sourceTree = "<group>"; };
		F84517611E9969E10047CF16 /* GameScene.sks */ = {isa = PBXFileReference; lastKnownFileType = file.sks; path = GameScene.sks; sourceTree = "<group>"; };
		F84517631E9969E10047CF16 /* Actions.sks */ = {isa = PBXFileReference; lastKnownFileType = file.sks; path = Actions.sks; sourceTree = "<group>"; };
		F84517651E9969E10047CF16 /* GameScene.swift */ = {isa = PBXFileReference; lastKnownFileType = sourcecode.swift; path = GameScene.swift; sourceTree = "<group>"; };
		F84517671E9969E10047CF16 /* GameViewController.swift */ = {isa = PBXFileReference; lastKnownFileType = sourcecode.swift; path = GameViewController.swift; sourceTree = "<group>"; };
		F845176A1E9969E10047CF16 /* Base */ = {isa = PBXFileReference; lastKnownFileType = file.storyboard; name = Base; path = Base.lproj/Main.storyboard; sourceTree = "<group>"; };
		F845176C1E9969E10047CF16 /* Assets.xcassets */ = {isa = PBXFileReference; lastKnownFileType = folder.assetcatalog; path = Assets.xcassets; sourceTree = "<group>"; };
		F845176F1E9969E10047CF16 /* Base */ = {isa = PBXFileReference; lastKnownFileType = file.storyboard; name = Base; path = Base.lproj/LaunchScreen.storyboard; sourceTree = "<group>"; };
		F84517711E9969E10047CF16 /* Info.plist */ = {isa = PBXFileReference; lastKnownFileType = text.plist.xml; path = Info.plist; sourceTree = "<group>"; };
		F84517771E996C430047CF16 /* GameElements.swift */ = {isa = PBXFileReference; fileEncoding = 4; lastKnownFileType = sourcecode.swift; path = GameElements.swift; sourceTree = "<group>"; };
		F86145B41EA15CED0025BFAC /* tailEffect.sks */ = {isa = PBXFileReference; lastKnownFileType = file.sks; path = tailEffect.sks; sourceTree = "<group>"; };
		F86145B71EA169BA0025BFAC /* scored.wav */ = {isa = PBXFileReference; lastKnownFileType = audio.wav; path = scored.wav; sourceTree = "<group>"; };
		F86145B81EA169BA0025BFAC /* gameOver.wav */ = {isa = PBXFileReference; lastKnownFileType = audio.wav; path = gameOver.wav; sourceTree = "<group>"; };
/* End PBXFileReference section */

/* Begin PBXFrameworksBuildPhase section */
		F84517591E9969E10047CF16 /* Frameworks */ = {
			isa = PBXFrameworksBuildPhase;
			buildActionMask = 2147483647;
			files = (
			);
			runOnlyForDeploymentPostprocessing = 0;
		};
/* End PBXFrameworksBuildPhase section */

/* Begin PBXGroup section */
		F822B65F1E9EC19000A040E1 /* Scenes */ = {
			isa = PBXGroup;
			children = (
				F84517611E9969E10047CF16 /* GameScene.sks */,
				F86145B41EA15CED0025BFAC /* tailEffect.sks */,
				F84517631E9969E10047CF16 /* Actions.sks */,
				F822B6551E9E7ADF00A040E1 /* StartScreenScene.sks */,
				F81902EF1EA5E85E00371545 /* HighScoreScene.sks */,
				F822B65D1E9EBE8D00A040E1 /* bgEffect.sks */,
				F822B66C1EA0C0B500A040E1 /* GameOverScene.sks */,
			);
			name = Scenes;
			sourceTree = "<group>";
		};
		F822B6601E9EC1B600A040E1 /* Sources */ = {
			isa = PBXGroup;
			children = (
				F845175F1E9969E10047CF16 /* AppDelegate.swift */,
				F84517651E9969E10047CF16 /* GameScene.swift */,
				F84517771E996C430047CF16 /* GameElements.swift */,
				F822B6591E9E7CA400A040E1 /* StartScreenScene.swift */,
				F84517671E9969E10047CF16 /* GameViewController.swift */,
				F81902F11EA5EA6800371545 /* HighScoreScene.swift */,
				F822B66E1EA0C13400A040E1 /* GameOverScene.swift */,
			);
			name = Sources;
			sourceTree = "<group>";
		};
		F822B6651EA018C500A040E1 /* Resources */ = {
			isa = PBXGroup;
			children = (
				F845176C1E9969E10047CF16 /* Assets.xcassets */,
				F822B6661EA018D100A040E1 /* Sounds */,
			);
			name = Resources;
			sourceTree = "<group>";
		};
		F822B6661EA018D100A040E1 /* Sounds */ = {
			isa = PBXGroup;
			children = (
				F822B6681EA0B6A900A040E1 /* bgMusic.mp3 */,
				F86145B71EA169BA0025BFAC /* scored.wav */,
				F86145B81EA169BA0025BFAC /* gameOver.wav */,
			);
			name = Sounds;
			sourceTree = "<group>";
		};
		F822B6671EA018DB00A040E1 /* Views */ = {
			isa = PBXGroup;
			children = (
				F84517691E9969E10047CF16 /* Main.storyboard */,
				F845176E1E9969E10047CF16 /* LaunchScreen.storyboard */,
			);
			name = Views;
			sourceTree = "<group>";
		};
		F84517531E9969E10047CF16 = {
			isa = PBXGroup;
			children = (
				F845175E1E9969E10047CF16 /* Dividr */,
				F845175D1E9969E10047CF16 /* Products */,
			);
			sourceTree = "<group>";
		};
		F845175D1E9969E10047CF16 /* Products */ = {
			isa = PBXGroup;
			children = (
				F845175C1E9969E10047CF16 /* Dividr.app */,
			);
			name = Products;
			sourceTree = "<group>";
		};
		F845175E1E9969E10047CF16 /* Dividr */ = {
			isa = PBXGroup;
			children = (
				F822B65F1E9EC19000A040E1 /* Scenes */,
				F822B6601E9EC1B600A040E1 /* Sources */,
				F822B6671EA018DB00A040E1 /* Views */,
				F822B6651EA018C500A040E1 /* Resources */,
				F84517711E9969E10047CF16 /* Info.plist */,
			);
			path = Dividr;
			sourceTree = "<group>";
		};
/* End PBXGroup section */

/* Begin PBXNativeTarget section */
		F845175B1E9969E10047CF16 /* Dividr */ = {
			isa = PBXNativeTarget;
			buildConfigurationList = F84517741E9969E10047CF16 /* Build configuration list for PBXNativeTarget "Dividr" */;
			buildPhases = (
				F84517581E9969E10047CF16 /* Sources */,
				F84517591E9969E10047CF16 /* Frameworks */,
				F845175A1E9969E10047CF16 /* Resources */,
			);
			buildRules = (
			);
			dependencies = (
			);
			name = Dividr;
			productName = Dividr;
			productReference = F845175C1E9969E10047CF16 /* Dividr.app */;
			productType = "com.apple.product-type.application";
		};
/* End PBXNativeTarget section */

/* Begin PBXProject section */
		F84517541E9969E10047CF16 /* Project object */ = {
			isa = PBXProject;
			attributes = {
				LastSwiftUpdateCheck = 0830;
				LastUpgradeCheck = 0830;
				ORGANIZATIONNAME = "Blue Lamp";
				TargetAttributes = {
					F845175B1E9969E10047CF16 = {
						CreatedOnToolsVersion = 8.3;
						DevelopmentTeam = B6T7XNZ4XR;
						ProvisioningStyle = Automatic;
					};
				};
			};
			buildConfigurationList = F84517571E9969E10047CF16 /* Build configuration list for PBXProject "Dividr" */;
			compatibilityVersion = "Xcode 3.2";
			developmentRegion = English;
			hasScannedForEncodings = 0;
			knownRegions = (
				en,
				Base,
			);
			mainGroup = F84517531E9969E10047CF16;
			productRefGroup = F845175D1E9969E10047CF16 /* Products */;
			projectDirPath = "";
			projectRoot = "";
			targets = (
				F845175B1E9969E10047CF16 /* Dividr */,
			);
		};
/* End PBXProject section */

/* Begin PBXResourcesBuildPhase section */
		F845175A1E9969E10047CF16 /* Resources */ = {
			isa = PBXResourcesBuildPhase;
			buildActionMask = 2147483647;
			files = (
				F845176B1E9969E10047CF16 /* Main.storyboard in Resources */,
				F84517621E9969E10047CF16 /* GameScene.sks in Resources */,
				F86145BA1EA169BA0025BFAC /* gameOver.wav in Resources */,
				F86145B51EA15CED0025BFAC /* tailEffect.sks in Resources */,
				F845176D1E9969E10047CF16 /* Assets.xcassets in Resources */,
				F84517701E9969E10047CF16 /* LaunchScreen.storyboard in Resources */,
				F86145B91EA169BA0025BFAC /* scored.wav in Resources */,
				F822B6561E9E7ADF00A040E1 /* StartScreenScene.sks in Resources */,
				F84517641E9969E10047CF16 /* Actions.sks in Resources */,
				F822B6691EA0B6A900A040E1 /* bgMusic.mp3 in Resources */,
				F822B66D1EA0C0B500A040E1 /* GameOverScene.sks in Resources */,
				F81902F01EA5E85E00371545 /* HighScoreScene.sks in Resources */,
				F822B65E1E9EBE8D00A040E1 /* bgEffect.sks in Resources */,
			);
			runOnlyForDeploymentPostprocessing = 0;
		};
/* End PBXResourcesBuildPhase section */

/* Begin PBXSourcesBuildPhase section */
		F84517581E9969E10047CF16 /* Sources */ = {
			isa = PBXSourcesBuildPhase;
			buildActionMask = 2147483647;
			files = (
				F86145B61EA1631A0025BFAC /* GameElements.swift in Sources */,
				F81902F21EA5EA6800371545 /* HighScoreScene.swift in Sources */,
				F84517661E9969E10047CF16 /* GameScene.swift in Sources */,
				F84517681E9969E10047CF16 /* GameViewController.swift in Sources */,
				F84517601E9969E10047CF16 /* AppDelegate.swift in Sources */,
				F822B66F1EA0C13400A040E1 /* GameOverScene.swift in Sources */,
				F822B65A1E9E7CA400A040E1 /* StartScreenScene.swift in Sources */,
			);
			runOnlyForDeploymentPostprocessing = 0;
		};
/* End PBXSourcesBuildPhase section */

/* Begin PBXVariantGroup section */
		F84517691E9969E10047CF16 /* Main.storyboard */ = {
			isa = PBXVariantGroup;
			children = (
				F845176A1E9969E10047CF16 /* Base */,
			);
			name = Main.storyboard;
			sourceTree = "<group>";
		};
		F845176E1E9969E10047CF16 /* LaunchScreen.storyboard */ = {
			isa = PBXVariantGroup;
			children = (
				F845176F1E9969E10047CF16 /* Base */,
			);
			name = LaunchScreen.storyboard;
			sourceTree = "<group>";
		};
/* End PBXVariantGroup section */

/* Begin XCBuildConfiguration section */
		F84517721E9969E10047CF16 /* Debug */ = {
			isa = XCBuildConfiguration;
			buildSettings = {
				ALWAYS_SEARCH_USER_PATHS = NO;
				CLANG_ANALYZER_NONNULL = YES;
				CLANG_ANALYZER_NUMBER_OBJECT_CONVERSION = YES_AGGRESSIVE;
				CLANG_CXX_LANGUAGE_STANDARD = "gnu++0x";
				CLANG_CXX_LIBRARY = "libc++";
				CLANG_ENABLE_MODULES = YES;
				CLANG_ENABLE_OBJC_ARC = YES;
				CLANG_WARN_BOOL_CONVERSION = YES;
				CLANG_WARN_CONSTANT_CONVERSION = YES;
				CLANG_WARN_DIRECT_OBJC_ISA_USAGE = YES_ERROR;
				CLANG_WARN_DOCUMENTATION_COMMENTS = YES;
				CLANG_WARN_EMPTY_BODY = YES;
				CLANG_WARN_ENUM_CONVERSION = YES;
				CLANG_WARN_INFINITE_RECURSION = YES;
				CLANG_WARN_INT_CONVERSION = YES;
				CLANG_WARN_OBJC_ROOT_CLASS = YES_ERROR;
				CLANG_WARN_SUSPICIOUS_MOVE = YES;
				CLANG_WARN_UNREACHABLE_CODE = YES;
				CLANG_WARN__DUPLICATE_METHOD_MATCH = YES;
				"CODE_SIGN_IDENTITY[sdk=iphoneos*]" = "iPhone Developer";
				COPY_PHASE_STRIP = NO;
				DEBUG_INFORMATION_FORMAT = dwarf;
				ENABLE_STRICT_OBJC_MSGSEND = YES;
				ENABLE_TESTABILITY = YES;
				GCC_C_LANGUAGE_STANDARD = gnu99;
				GCC_DYNAMIC_NO_PIC = NO;
				GCC_NO_COMMON_BLOCKS = YES;
				GCC_OPTIMIZATION_LEVEL = 0;
				GCC_PREPROCESSOR_DEFINITIONS = (
					"DEBUG=1",
					"$(inherited)",
				);
				GCC_WARN_64_TO_32_BIT_CONVERSION = YES;
				GCC_WARN_ABOUT_RETURN_TYPE = YES_ERROR;
				GCC_WARN_UNDECLARED_SELECTOR = YES;
				GCC_WARN_UNINITIALIZED_AUTOS = YES_AGGRESSIVE;
				GCC_WARN_UNUSED_FUNCTION = YES;
				GCC_WARN_UNUSED_VARIABLE = YES;
				IPHONEOS_DEPLOYMENT_TARGET = 10.3;
				MTL_ENABLE_DEBUG_INFO = YES;
				ONLY_ACTIVE_ARCH = YES;
				SDKROOT = iphoneos;
				SWIFT_ACTIVE_COMPILATION_CONDITIONS = DEBUG;
				SWIFT_OPTIMIZATION_LEVEL = "-Onone";
				TARGETED_DEVICE_FAMILY = "1,2";
			};
			name = Debug;
		};
		F84517731E9969E10047CF16 /* Release */ = {
			isa = XCBuildConfiguration;
			buildSettings = {
				ALWAYS_SEARCH_USER_PATHS = NO;
				CLANG_ANALYZER_NONNULL = YES;
				CLANG_ANALYZER_NUMBER_OBJECT_CONVERSION = YES_AGGRESSIVE;
				CLANG_CXX_LANGUAGE_STANDARD = "gnu++0x";
				CLANG_CXX_LIBRARY = "libc++";
				CLANG_ENABLE_MODULES = YES;
				CLANG_ENABLE_OBJC_ARC = YES;
				CLANG_WARN_BOOL_CONVERSION = YES;
				CLANG_WARN_CONSTANT_CONVERSION = YES;
				CLANG_WARN_DIRECT_OBJC_ISA_USAGE = YES_ERROR;
				CLANG_WARN_DOCUMENTATION_COMMENTS = YES;
				CLANG_WARN_EMPTY_BODY = YES;
				CLANG_WARN_ENUM_CONVERSION = YES;
				CLANG_WARN_INFINITE_RECURSION = YES;
				CLANG_WARN_INT_CONVERSION = YES;
				CLANG_WARN_OBJC_ROOT_CLASS = YES_ERROR;
				CLANG_WARN_SUSPICIOUS_MOVE = YES;
				CLANG_WARN_UNREACHABLE_CODE = YES;
				CLANG_WARN__DUPLICATE_METHOD_MATCH = YES;
				"CODE_SIGN_IDENTITY[sdk=iphoneos*]" = "iPhone Developer";
				COPY_PHASE_STRIP = NO;
				DEBUG_INFORMATION_FORMAT = "dwarf-with-dsym";
				ENABLE_NS_ASSERTIONS = NO;
				ENABLE_STRICT_OBJC_MSGSEND = YES;
				GCC_C_LANGUAGE_STANDARD = gnu99;
				GCC_NO_COMMON_BLOCKS = YES;
				GCC_WARN_64_TO_32_BIT_CONVERSION = YES;
				GCC_WARN_ABOUT_RETURN_TYPE = YES_ERROR;
				GCC_WARN_UNDECLARED_SELECTOR = YES;
				GCC_WARN_UNINITIALIZED_AUTOS = YES_AGGRESSIVE;
				GCC_WARN_UNUSED_FUNCTION = YES;
				GCC_WARN_UNUSED_VARIABLE = YES;
				IPHONEOS_DEPLOYMENT_TARGET = 10.3;
				MTL_ENABLE_DEBUG_INFO = NO;
				SDKROOT = iphoneos;
				SWIFT_OPTIMIZATION_LEVEL = "-Owholemodule";
				TARGETED_DEVICE_FAMILY = "1,2";
				VALIDATE_PRODUCT = YES;
			};
			name = Release;
		};
		F84517751E9969E10047CF16 /* Debug */ = {
			isa = XCBuildConfiguration;
			buildSettings = {
				ASSETCATALOG_COMPILER_APPICON_NAME = AppIcon;
				ASSETCATALOG_COMPILER_LAUNCHIMAGE_NAME = LaunchImage;
				DEVELOPMENT_TEAM = B6T7XNZ4XR;
				INFOPLIST_FILE = Dividr/Info.plist;
				LD_RUNPATH_SEARCH_PATHS = "$(inherited) @executable_path/Frameworks";
				PRODUCT_BUNDLE_IDENTIFIER = com.bluelamp.Dividr;
				PRODUCT_NAME = "$(TARGET_NAME)";
				SWIFT_VERSION = 3.0;
				TARGETED_DEVICE_FAMILY = 1;
			};
			name = Debug;
		};
		F84517761E9969E10047CF16 /* Release */ = {
			isa = XCBuildConfiguration;
			buildSettings = {
				ASSETCATALOG_COMPILER_APPICON_NAME = AppIcon;
				ASSETCATALOG_COMPILER_LAUNCHIMAGE_NAME = LaunchImage;
				DEVELOPMENT_TEAM = B6T7XNZ4XR;
				INFOPLIST_FILE = Dividr/Info.plist;
				LD_RUNPATH_SEARCH_PATHS = "$(inherited) @executable_path/Frameworks";
				PRODUCT_BUNDLE_IDENTIFIER = com.bluelamp.Dividr;
				PRODUCT_NAME = "$(TARGET_NAME)";
				SWIFT_VERSION = 3.0;
				TARGETED_DEVICE_FAMILY = 1;
			};
			name = Release;
		};
/* End XCBuildConfiguration section */

/* Begin XCConfigurationList section */
		F84517571E9969E10047CF16 /* Build configuration list for PBXProject "Dividr" */ = {
			isa = XCConfigurationList;
			buildConfigurations = (
				F84517721E9969E10047CF16 /* Debug */,
				F84517731E9969E10047CF16 /* Release */,
			);
			defaultConfigurationIsVisible = 0;
			defaultConfigurationName = Release;
		};
		F84517741E9969E10047CF16 /* Build configuration list for PBXNativeTarget "Dividr" */ = {
			isa = XCConfigurationList;
			buildConfigurations = (
				F84517751E9969E10047CF16 /* Debug */,
				F84517761E9969E10047CF16 /* Release */,
			);
			defaultConfigurationIsVisible = 0;
			defaultConfigurationName = Release;
		};
/* End XCConfigurationList section */
	};
	rootObject = F84517541E9969E10047CF16 /* Project object */;
}
